
Microsoft Visual Studio Solution File, Format Version 12.00
# Visual Studio Version 17
VisualStudioVersion = 17.0.31903.59
MinimumVisualStudioVersion = 10.0.40219.1
Project("{2150E333-8FDC-42A3-9474-1A3956D46DE8}") = "src", "src", "{505CA37E-D3FB-47AF-8A17-5DB6EB846E04}"
EndProject
Project("{FAE04EC0-301F-11D3-BF4B-00C04F79EFBC}") = "TenementYard.App", "src\TenementYard.App\TenementYard.App.csproj", "{110E2B29-D26E-48EF-9B01-0F38D9FB375D}"
EndProject
Global
	GlobalSection(SolutionConfigurationPlatforms) = preSolution
		Debug|Any CPU = Debug|Any CPU
		Release|Any CPU = Release|Any CPU
	EndGlobalSection
	GlobalSection(SolutionProperties) = preSolution
		HideSolutionNode = FALSE
	EndGlobalSection
	GlobalSection(ProjectConfigurationPlatforms) = postSolution
		{110E2B29-D26E-48EF-9B01-0F38D9FB375D}.Debug|Any CPU.ActiveCfg = Debug|Any CPU
		{110E2B29-D26E-48EF-9B01-0F38D9FB375D}.Debug|Any CPU.Build.0 = Debug|Any CPU
		{110E2B29-D26E-48EF-9B01-0F38D9FB375D}.Release|Any CPU.ActiveCfg = Release|Any CPU
		{110E2B29-D26E-48EF-9B01-0F38D9FB375D}.Release|Any CPU.Build.0 = Release|Any CPU
	EndGlobalSection
	GlobalSection(NestedProjects) = preSolution
		{110E2B29-D26E-48EF-9B01-0F38D9FB375D} = {505CA37E-D3FB-47AF-8A17-5DB6EB846E04}
	EndGlobalSection
EndGlobal
